<Solution>
  <Folder Name="/001-saga-pattern/">
    <Project Path="labs/001-saga-pattern/src/SagaPattern/SagaPattern.csproj" />
    <Project Path="labs/001-saga-pattern/tests/SagaPattern.Tests/SagaPattern.Tests.csproj" />
  </Folder>
  <Folder Name="/002-rate-limit/">
    <Project Path="labs/002-rate-limit/src/RateLimit/RateLimit.csproj" />
    <Project Path="labs/002-rate-limit/tests/RateLimit.Tests/RateLimit.Tests.csproj" />
  </Folder>
</Solution>
